
Microsoft Visual Studio Solution File, Format Version 12.00
# Visual Studio Version 16
VisualStudioVersion = 16.0.31019.35
MinimumVisualStudioVersion = 10.0.40219.1
Project("{FAE04EC0-301F-11D3-BF4B-00C04F79EFBC}") = "PradosCondado.Common", "PradosCondado.Common\PradosCondado.Common.csproj", "{CB329509-38F1-4266-A113-42D86FBBB107}"
EndProject
Project("{FAE04EC0-301F-11D3-BF4B-00C04F79EFBC}") = "PradosCondado.Web", "PradosCondado.Web\PradosCondado.Web.csproj", "{B863E50A-1164-4B4E-BA2E-F3463CA79FC8}"
EndProject
Global
	GlobalSection(SolutionConfigurationPlatforms) = preSolution
		Debug|Any CPU = Debug|Any CPU
		Release|Any CPU = Release|Any CPU
	EndGlobalSection
	GlobalSection(ProjectConfigurationPlatforms) = postSolution
		{CB329509-38F1-4266-A113-42D86FBBB107}.Debug|Any CPU.ActiveCfg = Debug|Any CPU
		{CB329509-38F1-4266-A113-42D86FBBB107}.Debug|Any CPU.Build.0 = Debug|Any CPU
		{CB329509-38F1-4266-A113-42D86FBBB107}.Release|Any CPU.ActiveCfg = Release|Any CPU
		{CB329509-38F1-4266-A113-42D86FBBB107}.Release|Any CPU.Build.0 = Release|Any CPU
		{B863E50A-1164-4B4E-BA2E-F3463CA79FC8}.Debug|Any CPU.ActiveCfg = Debug|Any CPU
		{B863E50A-1164-4B4E-BA2E-F3463CA79FC8}.Debug|Any CPU.Build.0 = Debug|Any CPU
		{B863E50A-1164-4B4E-BA2E-F3463CA79FC8}.Release|Any CPU.ActiveCfg = Release|Any CPU
		{B863E50A-1164-4B4E-BA2E-F3463CA79FC8}.Release|Any CPU.Build.0 = Release|Any CPU
	EndGlobalSection
	GlobalSection(SolutionProperties) = preSolution
		HideSolutionNode = FALSE
	EndGlobalSection
	GlobalSection(ExtensibilityGlobals) = postSolution
		SolutionGuid = {DCFDE1B2-390E-4B2B-8D6F-73DA1BC0259B}
	EndGlobalSection
EndGlobal
